
Microsoft Visual Studio Solution File, Format Version 12.00
# Visual Studio 2013
VisualStudioVersion = 12.0.21005.1
MinimumVisualStudioVersion = 10.0.40219.1
Project("{2150E333-8FDC-42A3-9474-1A3956D46DE8}") = "Solution Items", "Solution Items", "{90FB2A4E-6A58-494D-B6B1-6A11BA0B4082}"
	ProjectSection(SolutionItems) = preProject
		..\README.md = ..\README.md
		..\SettingsProvider.proj = ..\SettingsProvider.proj
	EndProjectSection
EndProject
Project("{FAE04EC0-301F-11D3-BF4B-00C04F79EFBC}") = "SettingsProviderNet", "SettingsProviderNet\SettingsProviderNet.csproj", "{024DC2A7-BBFF-4B2C-8995-0081D0E4CB4F}"
EndProject
Project("{FAE04EC0-301F-11D3-BF4B-00C04F79EFBC}") = "SettingsProviderNet.Tests", "SettingsProviderNet.Tests\SettingsProviderNet.Tests.csproj", "{4E3008F5-67B1-438A-B23D-5170217F2FFC}"
EndProject
Project("{2150E333-8FDC-42A3-9474-1A3956D46DE8}") = ".nuget", ".nuget", "{F3060BB6-2CBE-4790-B7B7-DBA6D300D630}"
	ProjectSection(SolutionItems) = preProject
		.nuget\NuGet.Config = .nuget\NuGet.Config
		.nuget\NuGet.exe = .nuget\NuGet.exe
		.nuget\NuGet.targets = .nuget\NuGet.targets
	EndProjectSection
EndProject
Global
	GlobalSection(SolutionConfigurationPlatforms) = preSolution
		Debug|Any CPU = Debug|Any CPU
		Debug|ARM = Debug|ARM
		Debug|x86 = Debug|x86
		Release|Any CPU = Release|Any CPU
		Release|ARM = Release|ARM
		Release|x86 = Release|x86
	EndGlobalSection
	GlobalSection(ProjectConfigurationPlatforms) = postSolution
		{024DC2A7-BBFF-4B2C-8995-0081D0E4CB4F}.Debug|Any CPU.ActiveCfg = Debug|Any CPU
		{024DC2A7-BBFF-4B2C-8995-0081D0E4CB4F}.Debug|Any CPU.Build.0 = Debug|Any CPU
		{024DC2A7-BBFF-4B2C-8995-0081D0E4CB4F}.Debug|ARM.ActiveCfg = Debug|Any CPU
		{024DC2A7-BBFF-4B2C-8995-0081D0E4CB4F}.Debug|x86.ActiveCfg = Debug|Any CPU
		{024DC2A7-BBFF-4B2C-8995-0081D0E4CB4F}.Release|Any CPU.ActiveCfg = Release|Any CPU
		{024DC2A7-BBFF-4B2C-8995-0081D0E4CB4F}.Release|Any CPU.Build.0 = Release|Any CPU
		{024DC2A7-BBFF-4B2C-8995-0081D0E4CB4F}.Release|ARM.ActiveCfg = Release|Any CPU
		{024DC2A7-BBFF-4B2C-8995-0081D0E4CB4F}.Release|x86.ActiveCfg = Release|Any CPU
		{4E3008F5-67B1-438A-B23D-5170217F2FFC}.Debug|Any CPU.ActiveCfg = Debug|Any CPU
		{4E3008F5-67B1-438A-B23D-5170217F2FFC}.Debug|Any CPU.Build.0 = Debug|Any CPU
		{4E3008F5-67B1-438A-B23D-5170217F2FFC}.Debug|ARM.ActiveCfg = Debug|Any CPU
		{4E3008F5-67B1-438A-B23D-5170217F2FFC}.Debug|x86.ActiveCfg = Debug|Any CPU
		{4E3008F5-67B1-438A-B23D-5170217F2FFC}.Release|Any CPU.ActiveCfg = Release|Any CPU
		{4E3008F5-67B1-438A-B23D-5170217F2FFC}.Release|Any CPU.Build.0 = Release|Any CPU
		{4E3008F5-67B1-438A-B23D-5170217F2FFC}.Release|ARM.ActiveCfg = Release|Any CPU
		{4E3008F5-67B1-438A-B23D-5170217F2FFC}.Release|x86.ActiveCfg = Release|Any CPU
	EndGlobalSection
	GlobalSection(SolutionProperties) = preSolution
		HideSolutionNode = FALSE
	EndGlobalSection
EndGlobal
